[root]
name = "tsqlust"
version = "0.1.0"
dependencies = [
 "pest 0.4.0 (registry+https://github.com/rust-lang/crates.io-index)",
]

[[package]]
name = "pest"
version = "0.4.0"
source = "registry+https://github.com/rust-lang/crates.io-index"

[metadata]
"checksum pest 0.4.0 (registry+https://github.com/rust-lang/crates.io-index)" = "2f6666c81a6359af7a9dbc48f596d6f318a9dbaefdec248581ab836dc0c1f082"
